// !$*UTF8*$!
{
	archiveVersion = 1;
	classes = {
	};
	objectVersion = 46;
	objects = {

/* Begin PBXBuildFile section */
		08556A7E1D853BE3007903D5 /* main.m in Sources */ = {isa = PBXBuildFile; fileRef = 08556A7D1D853BE3007903D5 /* main.m */; };
		08556A811D853BE3007903D5 /* AppDelegate.m in Sources */ = {isa = PBXBuildFile; fileRef = 08556A801D853BE3007903D5 /* AppDelegate.m */; };
		08556A841D853BE3007903D5 /* ViewController.m in Sources */ = {isa = PBXBuildFile; fileRef = 08556A831D853BE3007903D5 /* ViewController.m */; };
		08556A871D853BE3007903D5 /* Main.storyboard in Resources */ = {isa = PBXBuildFile; fileRef = 08556A851D853BE3007903D5 /* Main.storyboard */; };
		08556A891D853BE3007903D5 /* Assets.xcassets in Resources */ = {isa = PBXBuildFile; fileRef = 08556A881D853BE3007903D5 /* Assets.xcassets */; };
		08556A8C1D853BE3007903D5 /* LaunchScreen.storyboard in Resources */ = {isa = PBXBuildFile; fileRef = 08556A8A1D853BE3007903D5 /* LaunchScreen.storyboard */; };
		08556A971D853BE3007903D5 /* testTests.m in Sources */ = {isa = PBXBuildFile; fileRef = 08556A961D853BE3007903D5 /* testTests.m */; };
		08556AA21D853BE3007903D5 /* testUITests.m in Sources */ = {isa = PBXBuildFile; fileRef = 08556AA11D853BE3007903D5 /* testUITests.m */; };
/* End PBXBuildFile section */

/* Begin PBXContainerItemProxy section */
		08556A931D853BE3007903D5 /* PBXContainerItemProxy */ = {
			isa = PBXContainerItemProxy;
			containerPortal = 08556A711D853BE3007903D5 /* Project object */;
			proxyType = 1;
			remoteGlobalIDString = 08556A781D853BE3007903D5;
			remoteInfo = test;
		};
		08556A9E1D853BE3007903D5 /* PBXContainerItemProxy */ = {
			isa = PBXContainerItemProxy;
			containerPortal = 08556A711D853BE3007903D5 /* Project object */;
			proxyType = 1;
			remoteGlobalIDString = 08556A781D853BE3007903D5;
			remoteInfo = test;
		};
/* End PBXContainerItemProxy section */

/* Begin PBXFileReference section */
		08556A791D853BE3007903D5 /* test.app */ = {isa = PBXFileReference; explicitFileType = wrapper.application; includeInIndex = 0; path = test.app; sourceTree = BUILT_PRODUCTS_DIR; };
		08556A7D1D853BE3007903D5 /* main.m */ = {isa = PBXFileReference; lastKnownFileType = sourcecode.c.objc; path = main.m; sourceTree = "<group>"; };
		08556A7F1D853BE3007903D5 /* AppDelegate.h */ = {isa = PBXFileReference; lastKnownFileType = sourcecode.c.h; path = AppDelegate.h; sourceTree = "<group>"; };
		08556A801D853BE3007903D5 /* AppDelegate.m */ = {isa = PBXFileReference; lastKnownFileType = sourcecode.c.objc; path = AppDelegate.m; sourceTree = "<group>"; };
		08556A821D853BE3007903D5 /* ViewController.h */ = {isa = PBXFileReference; lastKnownFileType = sourcecode.c.h; path = ViewController.h; sourceTree = "<group>"; };
		08556A831D853BE3007903D5 /* ViewController.m */ = {isa = PBXFileReference; lastKnownFileType = sourcecode.c.objc; path = ViewController.m; sourceTree = "<group>"; };
		08556A861D853BE3007903D5 /* Base */ = {isa = PBXFileReference; lastKnownFileType = file.storyboard; name = Base; path = Base.lproj/Main.storyboard; sourceTree = "<group>"; };
		08556A881D853BE3007903D5 /* Assets.xcassets */ = {isa = PBXFileReference; lastKnownFileType = folder.assetcatalog; path = Assets.xcassets; sourceTree = "<group>"; };
		08556A8B1D853BE3007903D5 /* Base */ = {isa = PBXFileReference; lastKnownFileType = file.storyboard; name = Base; path = Base.lproj/LaunchScreen.storyboard; sourceTree = "<group>"; };
		08556A8D1D853BE3007903D5 /* Info.plist */ = {isa = PBXFileReference; lastKnownFileType = text.plist.xml; path = Info.plist; sourceTree = "<group>"; };
		08556A921D853BE3007903D5 /* testTests.xctest */ = {isa = PBXFileReference; explicitFileType = wrapper.cfbundle; includeInIndex = 0; path = testTests.xctest; sourceTree = BUILT_PRODUCTS_DIR; };
		08556A961D853BE3007903D5 /* testTests.m */ = {isa = PBXFileReference; lastKnownFileType = sourcecode.c.objc; path = testTests.m; sourceTree = "<group>"; };
		08556A981D853BE3007903D5 /* Info.plist */ = {isa = PBXFileReference; lastKnownFileType = text.plist.xml; path = Info.plist; sourceTree = "<group>"; };
		08556A9D1D853BE3007903D5 /* testUITests.xctest */ = {isa = PBXFileReference; explicitFileType = wrapper.cfbundle; includeInIndex = 0; path = testUITests.xctest; sourceTree = BUILT_PRODUCTS_DIR; };
		08556AA11D853BE3007903D5 /* testUITests.m */ = {isa = PBXFileReference; lastKnownFileType = sourcecode.c.objc; path = testUITests.m; sourceTree = "<group>"; };
		08556AA31D853BE3007903D5 /* Info.plist */ = {isa = PBXFileReference; lastKnownFileType = text.plist.xml; path = Info.plist; sourceTree = "<group>"; };
/* End PBXFileReference section */

/* Begin PBXFrameworksBuildPhase section */
		08556A761D853BE3007903D5 /* Frameworks */ = {
			isa = PBXFrameworksBuildPhase;
			buildActionMask = 2147483647;
			files = (
			);
			runOnlyForDeploymentPostprocessing = 0;
		};
		08556A8F1D853BE3007903D5 /* Frameworks */ = {
			isa = PBXFrameworksBuildPhase;
			buildActionMask = 2147483647;
			files = (
			);
			runOnlyForDeploymentPostprocessing = 0;
		};
		08556A9A1D853BE3007903D5 /* Frameworks */ = {
			isa = PBXFrameworksBuildPhase;
			buildActionMask = 2147483647;
			files = (
			);
			runOnlyForDeploymentPostprocessing = 0;
		};
/* End PBXFrameworksBuildPhase section */

/* Begin PBXGroup section */
		08556A701D853BE3007903D5 = {
			isa = PBXGroup;
			children = (
				08556A7B1D853BE3007903D5 /* test */,
				08556A951D853BE3007903D5 /* testTests */,
				08556AA01D853BE3007903D5 /* testUITests */,
				08556A7A1D853BE3007903D5 /* Products */,
			);
			sourceTree = "<group>";
		};
		08556A7A1D853BE3007903D5 /* Products */ = {
			isa = PBXGroup;
			children = (
				08556A791D853BE3007903D5 /* test.app */,
				08556A921D853BE3007903D5 /* testTests.xctest */,
				08556A9D1D853BE3007903D5 /* testUITests.xctest */,
			);
			name = Products;
			sourceTree = "<group>";
		};
		08556A7B1D853BE3007903D5 /* test */ = {
			isa = PBXGroup;
			children = (
				08556A7F1D853BE3007903D5 /* AppDelegate.h */,
				08556A801D853BE3007903D5 /* AppDelegate.m */,
				08556A821D853BE3007903D5 /* ViewController.h */,
				08556A831D853BE3007903D5 /* ViewController.m */,
				08556A851D853BE3007903D5 /* Main.storyboard */,
				08556A881D853BE3007903D5 /* Assets.xcassets */,
				08556A8A1D853BE3007903D5 /* LaunchScreen.storyboard */,
				08556A8D1D853BE3007903D5 /* Info.plist */,
				08556A7C1D853BE3007903D5 /* Supporting Files */,
			);
			path = test;
			sourceTree = "<group>";
		};
		08556A7C1D853BE3007903D5 /* Supporting Files */ = {
			isa = PBXGroup;
			children = (
				08556A7D1D853BE3007903D5 /* main.m */,
			);
			name = "Supporting Files";
			sourceTree = "<group>";
		};
		08556A951D853BE3007903D5 /* testTests */ = {
			isa = PBXGroup;
			children = (
				08556A961D853BE3007903D5 /* testTests.m */,
				08556A981D853BE3007903D5 /* Info.plist */,
			);
			path = testTests;
			sourceTree = "<group>";
		};
		08556AA01D853BE3007903D5 /* testUITests */ = {
			isa = PBXGroup;
			children = (
				08556AA11D853BE3007903D5 /* testUITests.m */,
				08556AA31D853BE3007903D5 /* Info.plist */,
			);
			path = testUITests;
			sourceTree = "<group>";
		};
/* End PBXGroup section */

/* Begin PBXNativeTarget section */
		08556A781D853BE3007903D5 /* test */ = {
			isa = PBXNativeTarget;
			buildConfigurationList = 08556AA61D853BE3007903D5 /* Build configuration list for PBXNativeTarget "test" */;
			buildPhases = (
				08556A751D853BE3007903D5 /* Sources */,
				08556A761D853BE3007903D5 /* Frameworks */,
				08556A771D853BE3007903D5 /* Resources */,
			);
			buildRules = (
			);
			dependencies = (
			);
			name = test;
			productName = test;
			productReference = 08556A791D853BE3007903D5 /* test.app */;
			productType = "com.apple.product-type.application";
		};
		08556A911D853BE3007903D5 /* testTests */ = {
			isa = PBXNativeTarget;
			buildConfigurationList = 08556AA91D853BE3007903D5 /* Build configuration list for PBXNativeTarget "testTests" */;
			buildPhases = (
				08556A8E1D853BE3007903D5 /* Sources */,
				08556A8F1D853BE3007903D5 /* Frameworks */,
				08556A901D853BE3007903D5 /* Resources */,
			);
			buildRules = (
			);
			dependencies = (
				08556A941D853BE3007903D5 /* PBXTargetDependency */,
			);
			name = testTests;
			productName = testTests;
			productReference = 08556A921D853BE3007903D5 /* testTests.xctest */;
			productType = "com.apple.product-type.bundle.unit-test";
		};
		08556A9C1D853BE3007903D5 /* testUITests */ = {
			isa = PBXNativeTarget;
			buildConfigurationList = 08556AAC1D853BE3007903D5 /* Build configuration list for PBXNativeTarget "testUITests" */;
			buildPhases = (
				08556A991D853BE3007903D5 /* Sources */,
				08556A9A1D853BE3007903D5 /* Frameworks */,
				08556A9B1D853BE3007903D5 /* Resources */,
			);
			buildRules = (
			);
			dependencies = (
				08556A9F1D853BE3007903D5 /* PBXTargetDependency */,
			);
			name = testUITests;
			productName = testUITests;
			productReference = 08556A9D1D853BE3007903D5 /* testUITests.xctest */;
			productType = "com.apple.product-type.bundle.ui-testing";
		};
/* End PBXNativeTarget section */

/* Begin PBXProject section */
		08556A711D853BE3007903D5 /* Project object */ = {
			isa = PBXProject;
			attributes = {
				LastUpgradeCheck = 0730;
				ORGANIZATIONNAME = devliao;
				TargetAttributes = {
					08556A781D853BE3007903D5 = {
						CreatedOnToolsVersion = 7.3.1;
					};
					08556A911D853BE3007903D5 = {
						CreatedOnToolsVersion = 7.3.1;
						TestTargetID = 08556A781D853BE3007903D5;
					};
					08556A9C1D853BE3007903D5 = {
						CreatedOnToolsVersion = 7.3.1;
						TestTargetID = 08556A781D853BE3007903D5;
					};
				};
			};
			buildConfigurationList = 08556A741D853BE3007903D5 /* Build configuration list for PBXProject "test" */;
			compatibilityVersion = "Xcode 3.2";
			developmentRegion = English;
			hasScannedForEncodings = 0;
			knownRegions = (
				en,
				Base,
			);
			mainGroup = 08556A701D853BE3007903D5;
			productRefGroup = 08556A7A1D853BE3007903D5 /* Products */;
			projectDirPath = "";
			projectRoot = "";
			targets = (
				08556A781D853BE3007903D5 /* test */,
				08556A911D853BE3007903D5 /* testTests */,
				08556A9C1D853BE3007903D5 /* testUITests */,
			);
		};
/* End PBXProject section */

/* Begin PBXResourcesBuildPhase section */
		08556A771D853BE3007903D5 /* Resources */ = {
			isa = PBXResourcesBuildPhase;
			buildActionMask = 2147483647;
			files = (
				08556A8C1D853BE3007903D5 /* LaunchScreen.storyboard in Resources */,
				08556A891D853BE3007903D5 /* Assets.xcassets in Resources */,
				08556A871D853BE3007903D5 /* Main.storyboard in Resources */,
			);
			runOnlyForDeploymentPostprocessing = 0;
		};
		08556A901D853BE3007903D5 /* Resources */ = {
			isa = PBXResourcesBuildPhase;
			buildActionMask = 2147483647;
			files = (
			);
			runOnlyForDeploymentPostprocessing = 0;
		};
		08556A9B1D853BE3007903D5 /* Resources */ = {
			isa = PBXResourcesBuildPhase;
			buildActionMask = 2147483647;
			files = (
			);
			runOnlyForDeploymentPostprocessing = 0;
		};
/* End PBXResourcesBuildPhase section */

/* Begin PBXSourcesBuildPhase section */
		08556A751D853BE3007903D5 /* Sources */ = {
			isa = PBXSourcesBuildPhase;
			buildActionMask = 2147483647;
			files = (
				08556A841D853BE3007903D5 /* ViewController.m in Sources */,
				08556A811D853BE3007903D5 /* AppDelegate.m in Sources */,
				08556A7E1D853BE3007903D5 /* main.m in Sources */,
			);
			runOnlyForDeploymentPostprocessing = 0;
		};
		08556A8E1D853BE3007903D5 /* Sources */ = {
			isa = PBXSourcesBuildPhase;
			buildActionMask = 2147483647;
			files = (
				08556A971D853BE3007903D5 /* testTests.m in Sources */,
			);
			runOnlyForDeploymentPostprocessing = 0;
		};
		08556A991D853BE3007903D5 /* Sources */ = {
			isa = PBXSourcesBuildPhase;
			buildActionMask = 2147483647;
			files = (
				08556AA21D853BE3007903D5 /* testUITests.m in Sources */,
			);
			runOnlyForDeploymentPostprocessing = 0;
		};
/* End PBXSourcesBuildPhase section */

/* Begin PBXTargetDependency section */
		08556A941D853BE3007903D5 /* PBXTargetDependency */ = {
			isa = PBXTargetDependency;
			target = 08556A781D853BE3007903D5 /* test */;
			targetProxy = 08556A931D853BE3007903D5 /* PBXContainerItemProxy */;
		};
		08556A9F1D853BE3007903D5 /* PBXTargetDependency */ = {
			isa = PBXTargetDependency;
			target = 08556A781D853BE3007903D5 /* test */;
			targetProxy = 08556A9E1D853BE3007903D5 /* PBXContainerItemProxy */;
		};
/* End PBXTargetDependency section */

/* Begin PBXVariantGroup section */
		08556A851D853BE3007903D5 /* Main.storyboard */ = {
			isa = PBXVariantGroup;
			children = (
				08556A861D853BE3007903D5 /* Base */,
			);
			name = Main.storyboard;
			sourceTree = "<group>";
		};
		08556A8A1D853BE3007903D5 /* LaunchScreen.storyboard */ = {
			isa = PBXVariantGroup;
			children = (
				08556A8B1D853BE3007903D5 /* Base */,
			);
			name = LaunchScreen.storyboard;
			sourceTree = "<group>";
		};
/* End PBXVariantGroup section */

/* Begin XCBuildConfiguration section */
		08556AA41D853BE3007903D5 /* Debug */ = {
			isa = XCBuildConfiguration;
			buildSettings = {
				ALWAYS_SEARCH_USER_PATHS = NO;
				CLANG_ANALYZER_NONNULL = YES;
				CLANG_CXX_LANGUAGE_STANDARD = "gnu++0x";
				CLANG_CXX_LIBRARY = "libc++";
				CLANG_ENABLE_MODULES = YES;
				CLANG_ENABLE_OBJC_ARC = YES;
				CLANG_WARN_BOOL_CONVERSION = YES;
				CLANG_WARN_CONSTANT_CONVERSION = YES;
				CLANG_WARN_DIRECT_OBJC_ISA_USAGE = YES_ERROR;
				CLANG_WARN_EMPTY_BODY = YES;
				CLANG_WARN_ENUM_CONVERSION = YES;
				CLANG_WARN_INT_CONVERSION = YES;
				CLANG_WARN_OBJC_ROOT_CLASS = YES_ERROR;
				CLANG_WARN_UNREACHABLE_CODE = YES;
				CLANG_WARN__DUPLICATE_METHOD_MATCH = YES;
				"CODE_SIGN_IDENTITY[sdk=iphoneos*]" = "iPhone Developer";
				COPY_PHASE_STRIP = NO;
				DEBUG_INFORMATION_FORMAT = dwarf;
				ENABLE_STRICT_OBJC_MSGSEND = YES;
				ENABLE_TESTABILITY = YES;
				GCC_C_LANGUAGE_STANDARD = gnu99;
				GCC_DYNAMIC_NO_PIC = NO;
				GCC_NO_COMMON_BLOCKS = YES;
				GCC_OPTIMIZATION_LEVEL = 0;
				GCC_PREPROCESSOR_DEFINITIONS = (
					"DEBUG=1",
					"$(inherited)",
				);
				GCC_WARN_64_TO_32_BIT_CONVERSION = YES;
				GCC_WARN_ABOUT_RETURN_TYPE = YES_ERROR;
				GCC_WARN_UNDECLARED_SELECTOR = YES;
				GCC_WARN_UNINITIALIZED_AUTOS = YES_AGGRESSIVE;
				GCC_WARN_UNUSED_FUNCTION = YES;
				GCC_WARN_UNUSED_VARIABLE = YES;
				IPHONEOS_DEPLOYMENT_TARGET = 9.3;
				MTL_ENABLE_DEBUG_INFO = YES;
				ONLY_ACTIVE_ARCH = YES;
				SDKROOT = iphoneos;
				TARGETED_DEVICE_FAMILY = "1,2";
			};
			name = Debug;
		};
		08556AA51D853BE3007903D5 /* Release */ = {
			isa = XCBuildConfiguration;
			buildSettings = {
				ALWAYS_SEARCH_USER_PATHS = NO;
				CLANG_ANALYZER_NONNULL = YES;
				CLANG_CXX_LANGUAGE_STANDARD = "gnu++0x";
				CLANG_CXX_LIBRARY = "libc++";
				CLANG_ENABLE_MODULES = YES;
				CLANG_ENABLE_OBJC_ARC = YES;
				CLANG_WARN_BOOL_CONVERSION = YES;
				CLANG_WARN_CONSTANT_CONVERSION = YES;
				CLANG_WARN_DIRECT_OBJC_ISA_USAGE = YES_ERROR;
				CLANG_WARN_EMPTY_BODY = YES;
				CLANG_WARN_ENUM_CONVERSION = YES;
				CLANG_WARN_INT_CONVERSION = YES;
				CLANG_WARN_OBJC_ROOT_CLASS = YES_ERROR;
				CLANG_WARN_UNREACHABLE_CODE = YES;
				CLANG_WARN__DUPLICATE_METHOD_MATCH = YES;
				"CODE_SIGN_IDENTITY[sdk=iphoneos*]" = "iPhone Developer";
				COPY_PHASE_STRIP = NO;
				DEBUG_INFORMATION_FORMAT = "dwarf-with-dsym";
				ENABLE_NS_ASSERTIONS = NO;
				ENABLE_STRICT_OBJC_MSGSEND = YES;
				GCC_C_LANGUAGE_STANDARD = gnu99;
				GCC_NO_COMMON_BLOCKS = YES;
				GCC_WARN_64_TO_32_BIT_CONVERSION = YES;
				GCC_WARN_ABOUT_RETURN_TYPE = YES_ERROR;
				GCC_WARN_UNDECLARED_SELECTOR = YES;
				GCC_WARN_UNINITIALIZED_AUTOS = YES_AGGRESSIVE;
				GCC_WARN_UNUSED_FUNCTION = YES;
				GCC_WARN_UNUSED_VARIABLE = YES;
				IPHONEOS_DEPLOYMENT_TARGET = 9.3;
				MTL_ENABLE_DEBUG_INFO = NO;
				SDKROOT = iphoneos;
				TARGETED_DEVICE_FAMILY = "1,2";
				VALIDATE_PRODUCT = YES;
			};
			name = Release;
		};
		08556AA71D853BE3007903D5 /* Debug */ = {
			isa = XCBuildConfiguration;
			buildSettings = {
				ASSETCATALOG_COMPILER_APPICON_NAME = AppIcon;
				INFOPLIST_FILE = test/Info.plist;
				LD_RUNPATH_SEARCH_PATHS = "$(inherited) @executable_path/Frameworks";
				PRODUCT_BUNDLE_IDENTIFIER = com.devliao.test;
				PRODUCT_NAME = "$(TARGET_NAME)";
			};
			name = Debug;
		};
		08556AA81D853BE3007903D5 /* Release */ = {
			isa = XCBuildConfiguration;
			buildSettings = {
				ASSETCATALOG_COMPILER_APPICON_NAME = AppIcon;
				INFOPLIST_FILE = test/Info.plist;
				LD_RUNPATH_SEARCH_PATHS = "$(inherited) @executable_path/Frameworks";
				PRODUCT_BUNDLE_IDENTIFIER = com.devliao.test;
				PRODUCT_NAME = "$(TARGET_NAME)";
			};
			name = Release;
		};
		08556AAA1D853BE3007903D5 /* Debug */ = {
			isa = XCBuildConfiguration;
			buildSettings = {
				BUNDLE_LOADER = "$(TEST_HOST)";
				INFOPLIST_FILE = testTests/Info.plist;
				LD_RUNPATH_SEARCH_PATHS = "$(inherited) @executable_path/Frameworks @loader_path/Frameworks";
				PRODUCT_BUNDLE_IDENTIFIER = com.devliao.testTests;
				PRODUCT_NAME = "$(TARGET_NAME)";
				TEST_HOST = "$(BUILT_PRODUCTS_DIR)/test.app/test";
			};
			name = Debug;
		};
		08556AAB1D853BE3007903D5 /* Release */ = {
			isa = XCBuildConfiguration;
			buildSettings = {
				BUNDLE_LOADER = "$(TEST_HOST)";
				INFOPLIST_FILE = testTests/Info.plist;
				LD_RUNPATH_SEARCH_PATHS = "$(inherited) @executable_path/Frameworks @loader_path/Frameworks";
				PRODUCT_BUNDLE_IDENTIFIER = com.devliao.testTests;
				PRODUCT_NAME = "$(TARGET_NAME)";
				TEST_HOST = "$(BUILT_PRODUCTS_DIR)/test.app/test";
			};
			name = Release;
		};
		08556AAD1D853BE3007903D5 /* Debug */ = {
			isa = XCBuildConfiguration;
			buildSettings = {
				INFOPLIST_FILE = testUITests/Info.plist;
				LD_RUNPATH_SEARCH_PATHS = "$(inherited) @executable_path/Frameworks @loader_path/Frameworks";
				PRODUCT_BUNDLE_IDENTIFIER = com.devliao.testUITests;
				PRODUCT_NAME = "$(TARGET_NAME)";
				TEST_TARGET_NAME = test;
			};
			name = Debug;
		};
		08556AAE1D853BE3007903D5 /* Release */ = {
			isa = XCBuildConfiguration;
			buildSettings = {
				INFOPLIST_FILE = testUITests/Info.plist;
				LD_RUNPATH_SEARCH_PATHS = "$(inherited) @executable_path/Frameworks @loader_path/Frameworks";
				PRODUCT_BUNDLE_IDENTIFIER = com.devliao.testUITests;
				PRODUCT_NAME = "$(TARGET_NAME)";
				TEST_TARGET_NAME = test;
			};
			name = Release;
		};
/* End XCBuildConfiguration section */

/* Begin XCConfigurationList section */
		08556A741D853BE3007903D5 /* Build configuration list for PBXProject "test" */ = {
			isa = XCConfigurationList;
			buildConfigurations = (
				08556AA41D853BE3007903D5 /* Debug */,
				08556AA51D853BE3007903D5 /* Release */,
			);
			defaultConfigurationIsVisible = 0;
			defaultConfigurationName = Release;
		};
		08556AA61D853BE3007903D5 /* Build configuration list for PBXNativeTarget "test" */ = {
			isa = XCConfigurationList;
			buildConfigurations = (
				08556AA71D853BE3007903D5 /* Debug */,
				08556AA81D853BE3007903D5 /* Release */,
			);
			defaultConfigurationIsVisible = 0;
		};
		08556AA91D853BE3007903D5 /* Build configuration list for PBXNativeTarget "testTests" */ = {
			isa = XCConfigurationList;
			buildConfigurations = (
				08556AAA1D853BE3007903D5 /* Debug */,
				08556AAB1D853BE3007903D5 /* Release */,
			);
			defaultConfigurationIsVisible = 0;
		};
		08556AAC1D853BE3007903D5 /* Build configuration list for PBXNativeTarget "testUITests" */ = {
			isa = XCConfigurationList;
			buildConfigurations = (
				08556AAD1D853BE3007903D5 /* Debug */,
				08556AAE1D853BE3007903D5 /* Release */,
			);
			defaultConfigurationIsVisible = 0;
		};
/* End XCConfigurationList section */
	};
	rootObject = 08556A711D853BE3007903D5 /* Project object */;
}
